
Microsoft Visual Studio Solution File, Format Version 12.00
# Visual Studio Version 16
VisualStudioVersion = 16.0.33927.289
MinimumVisualStudioVersion = 10.0.40219.1
Project("{FAE04EC0-301F-11D3-BF4B-00C04F79EFBC}") = "LStreetwear", "LStreetwear\LStreetwear.csproj", "{58ECCED4-6705-481C-9403-3EDAB41C918C}"
EndProject
Global
	GlobalSection(SolutionConfigurationPlatforms) = preSolution
		Debug|Any CPU = Debug|Any CPU
		Release|Any CPU = Release|Any CPU
	EndGlobalSection
	GlobalSection(ProjectConfigurationPlatforms) = postSolution
		{58ECCED4-6705-481C-9403-3EDAB41C918C}.Debug|Any CPU.ActiveCfg = Debug|Any CPU
		{58ECCED4-6705-481C-9403-3EDAB41C918C}.Debug|Any CPU.Build.0 = Debug|Any CPU
		{58ECCED4-6705-481C-9403-3EDAB41C918C}.Release|Any CPU.ActiveCfg = Release|Any CPU
		{58ECCED4-6705-481C-9403-3EDAB41C918C}.Release|Any CPU.Build.0 = Release|Any CPU
	EndGlobalSection
	GlobalSection(SolutionProperties) = preSolution
		HideSolutionNode = FALSE
	EndGlobalSection
	GlobalSection(ExtensibilityGlobals) = postSolution
		SolutionGuid = {B33BF462-AA5F-44A2-9209-03F5B48CE9FF}
	EndGlobalSection
EndGlobal
